
Microsoft Visual Studio Solution File, Format Version 12.00
# Visual Studio Version 17
VisualStudioVersion = 17.5.002.0
MinimumVisualStudioVersion = 10.0.40219.1
Project("{9A19103F-16F7-4668-BE54-9A1E7A4F7556}") = "bioAdventure", "bioAdventure.csproj", "{706311DF-1886-4D73-B88A-F2CA590D1679}"
EndProject
Global
	GlobalSection(SolutionConfigurationPlatforms) = preSolution
		Debug|Any CPU = Debug|Any CPU
		Release|Any CPU = Release|Any CPU
	EndGlobalSection
	GlobalSection(ProjectConfigurationPlatforms) = postSolution
		{706311DF-1886-4D73-B88A-F2CA590D1679}.Debug|Any CPU.ActiveCfg = Debug|Any CPU
		{706311DF-1886-4D73-B88A-F2CA590D1679}.Debug|Any CPU.Build.0 = Debug|Any CPU
		{706311DF-1886-4D73-B88A-F2CA590D1679}.Release|Any CPU.ActiveCfg = Release|Any CPU
		{706311DF-1886-4D73-B88A-F2CA590D1679}.Release|Any CPU.Build.0 = Release|Any CPU
	EndGlobalSection
	GlobalSection(SolutionProperties) = preSolution
		HideSolutionNode = FALSE
	EndGlobalSection
	GlobalSection(ExtensibilityGlobals) = postSolution
		SolutionGuid = {533CDB67-CC91-4142-AE76-59C911C97888}
	EndGlobalSection
EndGlobal
